
Microsoft Visual Studio Solution File, Format Version 12.00
# Visual Studio Version 17
VisualStudioVersion = 17.14.36327.8
MinimumVisualStudioVersion = 10.0.40219.1
Project("{FAE04EC0-301F-11D3-BF4B-00C04F79EFBC}") = "thecalcify", "thecalcify.csproj", "{7FEB9280-D0CB-478E-8F19-DA11C98DE247}"
EndProject
Project("{54435603-DBB4-11D2-8724-00A0C9A8B90C}") = "thecalcify", "thecalcify Setup\thecalcify Application\thecalcify Application.vdproj", "{FDDF6D8A-1951-71A8-21D2-C288DB632B86}"
EndProject
Global
	GlobalSection(SolutionConfigurationPlatforms) = preSolution
		Debug|Any CPU = Debug|Any CPU
		Release|Any CPU = Release|Any CPU
	EndGlobalSection
	GlobalSection(ProjectConfigurationPlatforms) = postSolution
		{7FEB9280-D0CB-478E-8F19-DA11C98DE247}.Debug|Any CPU.ActiveCfg = Debug|Any CPU
		{7FEB9280-D0CB-478E-8F19-DA11C98DE247}.Debug|Any CPU.Build.0 = Debug|Any CPU
		{7FEB9280-D0CB-478E-8F19-DA11C98DE247}.Release|Any CPU.ActiveCfg = Release|Any CPU
		{7FEB9280-D0CB-478E-8F19-DA11C98DE247}.Release|Any CPU.Build.0 = Release|Any CPU
		{FDDF6D8A-1951-71A8-21D2-C288DB632B86}.Debug|Any CPU.ActiveCfg = Debug
		{FDDF6D8A-1951-71A8-21D2-C288DB632B86}.Debug|Any CPU.Build.0 = Debug
		{FDDF6D8A-1951-71A8-21D2-C288DB632B86}.Release|Any CPU.ActiveCfg = Release
		{FDDF6D8A-1951-71A8-21D2-C288DB632B86}.Release|Any CPU.Build.0 = Release
	EndGlobalSection
	GlobalSection(SolutionProperties) = preSolution
		HideSolutionNode = FALSE
	EndGlobalSection
	GlobalSection(ExtensibilityGlobals) = postSolution
		SolutionGuid = {CB101D71-435F-4C85-9371-A0FCE218178C}
	EndGlobalSection
EndGlobal
